// !$*UTF8*$!
{
	archiveVersion = 1;
	classes = {
	};
	objectVersion = 56;
	objects = {

/* Begin PBXBuildFile section */
		521097AF2AACA42C002E2C74 /* DubDubGrubApp.swift in Sources */ = {isa = PBXBuildFile; fileRef = 521097AE2AACA42C002E2C74 /* DubDubGrubApp.swift */; };
		521097B32AACA42E002E2C74 /* Assets.xcassets in Resources */ = {isa = PBXBuildFile; fileRef = 521097B22AACA42E002E2C74 /* Assets.xcassets */; };
		521097B62AACA42E002E2C74 /* Preview Assets.xcassets in Resources */ = {isa = PBXBuildFile; fileRef = 521097B52AACA42E002E2C74 /* Preview Assets.xcassets */; };
		521097BE2AACA9B5002E2C74 /* Color+Ext.swift in Sources */ = {isa = PBXBuildFile; fileRef = 521097BD2AACA9B5002E2C74 /* Color+Ext.swift */; };
		521097C02AACAB76002E2C74 /* AppTabView.swift in Sources */ = {isa = PBXBuildFile; fileRef = 521097BF2AACAB76002E2C74 /* AppTabView.swift */; };
		521097C22AACAD15002E2C74 /* LocationMapView.swift in Sources */ = {isa = PBXBuildFile; fileRef = 521097C12AACAD15002E2C74 /* LocationMapView.swift */; };
		521097C42AACAD2D002E2C74 /* LocationListView.swift in Sources */ = {isa = PBXBuildFile; fileRef = 521097C32AACAD2D002E2C74 /* LocationListView.swift */; };
		521097C62AACAD43002E2C74 /* ProfileView.swift in Sources */ = {isa = PBXBuildFile; fileRef = 521097C52AACAD43002E2C74 /* ProfileView.swift */; };
		528B80F82AB0AC9500BB34FC /* DDGLocation.swift in Sources */ = {isa = PBXBuildFile; fileRef = 528B80F72AB0AC9500BB34FC /* DDGLocation.swift */; };
		528B80FA2AB0B9CB00BB34FC /* DDGProfile.swift in Sources */ = {isa = PBXBuildFile; fileRef = 528B80F92AB0B9CB00BB34FC /* DDGProfile.swift */; };
		528B80FC2AB0BF2600BB34FC /* MockData.swift in Sources */ = {isa = PBXBuildFile; fileRef = 528B80FB2AB0BF2600BB34FC /* MockData.swift */; };
		528B80FF2AB1524F00BB34FC /* CloudKitManager.swift in Sources */ = {isa = PBXBuildFile; fileRef = 528B80FE2AB1524F00BB34FC /* CloudKitManager.swift */; };
		528B81012AB157CE00BB34FC /* Constants.swift in Sources */ = {isa = PBXBuildFile; fileRef = 528B81002AB157CE00BB34FC /* Constants.swift */; };
		52BB30CA2AAD882A00F6D7C7 /* LocationDetailView.swift in Sources */ = {isa = PBXBuildFile; fileRef = 52BB30C92AAD882A00F6D7C7 /* LocationDetailView.swift */; };
		52BB30CC2AADE71400F6D7C7 /* LocationCell.swift in Sources */ = {isa = PBXBuildFile; fileRef = 52BB30CB2AADE71300F6D7C7 /* LocationCell.swift */; };
		52BB30CE2AADE73200F6D7C7 /* AvatarView.swift in Sources */ = {isa = PBXBuildFile; fileRef = 52BB30CD2AADE73200F6D7C7 /* AvatarView.swift */; };
		52BB30D02AADEA7200F6D7C7 /* CustomModifiers.swift in Sources */ = {isa = PBXBuildFile; fileRef = 52BB30CF2AADEA7200F6D7C7 /* CustomModifiers.swift */; };
		52BB30D22AADEA9E00F6D7C7 /* View+Ext.swift in Sources */ = {isa = PBXBuildFile; fileRef = 52BB30D12AADEA9E00F6D7C7 /* View+Ext.swift */; };
		52BB30D42AADED6C00F6D7C7 /* DDGButton.swift in Sources */ = {isa = PBXBuildFile; fileRef = 52BB30D32AADED6C00F6D7C7 /* DDGButton.swift */; };
		52DF54742AB2245200F15119 /* CKRecord+Ext.swift in Sources */ = {isa = PBXBuildFile; fileRef = 52DF54732AB2245200F15119 /* CKRecord+Ext.swift */; };
		52DF54762AB295BE00F15119 /* AlertItem.swift in Sources */ = {isa = PBXBuildFile; fileRef = 52DF54752AB295BE00F15119 /* AlertItem.swift */; };
		52DF54792AB29DB300F15119 /* LocationMapViewModel.swift in Sources */ = {isa = PBXBuildFile; fileRef = 52DF54782AB29DB300F15119 /* LocationMapViewModel.swift */; };
/* End PBXBuildFile section */

/* Begin PBXFileReference section */
		521097AB2AACA42C002E2C74 /* DubDubGrub.app */ = {isa = PBXFileReference; explicitFileType = wrapper.application; includeInIndex = 0; path = DubDubGrub.app; sourceTree = BUILT_PRODUCTS_DIR; };
		521097AE2AACA42C002E2C74 /* DubDubGrubApp.swift */ = {isa = PBXFileReference; lastKnownFileType = sourcecode.swift; path = DubDubGrubApp.swift; sourceTree = "<group>"; };
		521097B22AACA42E002E2C74 /* Assets.xcassets */ = {isa = PBXFileReference; lastKnownFileType = folder.assetcatalog; path = Assets.xcassets; sourceTree = "<group>"; };
		521097B52AACA42E002E2C74 /* Preview Assets.xcassets */ = {isa = PBXFileReference; lastKnownFileType = folder.assetcatalog; path = "Preview Assets.xcassets"; sourceTree = "<group>"; };
		521097BC2AACA810002E2C74 /* DubDubGrub.entitlements */ = {isa = PBXFileReference; lastKnownFileType = text.plist.entitlements; path = DubDubGrub.entitlements; sourceTree = "<group>"; };
		521097BD2AACA9B5002E2C74 /* Color+Ext.swift */ = {isa = PBXFileReference; lastKnownFileType = sourcecode.swift; path = "Color+Ext.swift"; sourceTree = "<group>"; };
		521097BF2AACAB76002E2C74 /* AppTabView.swift */ = {isa = PBXFileReference; lastKnownFileType = sourcecode.swift; path = AppTabView.swift; sourceTree = "<group>"; };
		521097C12AACAD15002E2C74 /* LocationMapView.swift */ = {isa = PBXFileReference; lastKnownFileType = sourcecode.swift; path = LocationMapView.swift; sourceTree = "<group>"; };
		521097C32AACAD2D002E2C74 /* LocationListView.swift */ = {isa = PBXFileReference; lastKnownFileType = sourcecode.swift; path = LocationListView.swift; sourceTree = "<group>"; };
		521097C52AACAD43002E2C74 /* ProfileView.swift */ = {isa = PBXFileReference; lastKnownFileType = sourcecode.swift; path = ProfileView.swift; sourceTree = "<group>"; };
		528B80F72AB0AC9500BB34FC /* DDGLocation.swift */ = {isa = PBXFileReference; lastKnownFileType = sourcecode.swift; path = DDGLocation.swift; sourceTree = "<group>"; };
		528B80F92AB0B9CB00BB34FC /* DDGProfile.swift */ = {isa = PBXFileReference; lastKnownFileType = sourcecode.swift; path = DDGProfile.swift; sourceTree = "<group>"; };
		528B80FB2AB0BF2600BB34FC /* MockData.swift */ = {isa = PBXFileReference; lastKnownFileType = sourcecode.swift; path = MockData.swift; sourceTree = "<group>"; };
		528B80FE2AB1524F00BB34FC /* CloudKitManager.swift */ = {isa = PBXFileReference; lastKnownFileType = sourcecode.swift; path = CloudKitManager.swift; sourceTree = "<group>"; };
		528B81002AB157CE00BB34FC /* Constants.swift */ = {isa = PBXFileReference; lastKnownFileType = sourcecode.swift; path = Constants.swift; sourceTree = "<group>"; };
		52BB30C92AAD882A00F6D7C7 /* LocationDetailView.swift */ = {isa = PBXFileReference; lastKnownFileType = sourcecode.swift; path = LocationDetailView.swift; sourceTree = "<group>"; };
		52BB30CB2AADE71300F6D7C7 /* LocationCell.swift */ = {isa = PBXFileReference; lastKnownFileType = sourcecode.swift; path = LocationCell.swift; sourceTree = "<group>"; };
		52BB30CD2AADE73200F6D7C7 /* AvatarView.swift */ = {isa = PBXFileReference; lastKnownFileType = sourcecode.swift; path = AvatarView.swift; sourceTree = "<group>"; };
		52BB30CF2AADEA7200F6D7C7 /* CustomModifiers.swift */ = {isa = PBXFileReference; lastKnownFileType = sourcecode.swift; path = CustomModifiers.swift; sourceTree = "<group>"; };
		52BB30D12AADEA9E00F6D7C7 /* View+Ext.swift */ = {isa = PBXFileReference; lastKnownFileType = sourcecode.swift; path = "View+Ext.swift"; sourceTree = "<group>"; };
		52BB30D32AADED6C00F6D7C7 /* DDGButton.swift */ = {isa = PBXFileReference; lastKnownFileType = sourcecode.swift; path = DDGButton.swift; sourceTree = "<group>"; };
		52DF54732AB2245200F15119 /* CKRecord+Ext.swift */ = {isa = PBXFileReference; lastKnownFileType = sourcecode.swift; path = "CKRecord+Ext.swift"; sourceTree = "<group>"; };
		52DF54752AB295BE00F15119 /* AlertItem.swift */ = {isa = PBXFileReference; lastKnownFileType = sourcecode.swift; path = AlertItem.swift; sourceTree = "<group>"; };
		52DF54782AB29DB300F15119 /* LocationMapViewModel.swift */ = {isa = PBXFileReference; lastKnownFileType = sourcecode.swift; path = LocationMapViewModel.swift; sourceTree = "<group>"; };
/* End PBXFileReference section */

/* Begin PBXFrameworksBuildPhase section */
		521097A82AACA42C002E2C74 /* Frameworks */ = {
			isa = PBXFrameworksBuildPhase;
			buildActionMask = 2147483647;
			files = (
			);
			runOnlyForDeploymentPostprocessing = 0;
		};
/* End PBXFrameworksBuildPhase section */

/* Begin PBXGroup section */
		521097A22AACA42C002E2C74 = {
			isa = PBXGroup;
			children = (
				521097AD2AACA42C002E2C74 /* DubDubGrub */,
				521097AC2AACA42C002E2C74 /* Products */,
			);
			sourceTree = "<group>";
		};
		521097AC2AACA42C002E2C74 /* Products */ = {
			isa = PBXGroup;
			children = (
				521097AB2AACA42C002E2C74 /* DubDubGrub.app */,
			);
			name = Products;
			sourceTree = "<group>";
		};
		521097AD2AACA42C002E2C74 /* DubDubGrub */ = {
			isa = PBXGroup;
			children = (
				528B80FD2AB1521000BB34FC /* Utilities */,
				528B80F62AB0AC8000BB34FC /* Model */,
				52BB30D62AADF43D00F6D7C7 /* Views */,
				521097BC2AACA810002E2C74 /* DubDubGrub.entitlements */,
				521097AE2AACA42C002E2C74 /* DubDubGrubApp.swift */,
				521097B22AACA42E002E2C74 /* Assets.xcassets */,
				521097B42AACA42E002E2C74 /* Preview Content */,
				52BB30CF2AADEA7200F6D7C7 /* CustomModifiers.swift */,
			);
			path = DubDubGrub;
			sourceTree = "<group>";
		};
		521097B42AACA42E002E2C74 /* Preview Content */ = {
			isa = PBXGroup;
			children = (
				521097B52AACA42E002E2C74 /* Preview Assets.xcassets */,
			);
			path = "Preview Content";
			sourceTree = "<group>";
		};
		528B80F62AB0AC8000BB34FC /* Model */ = {
			isa = PBXGroup;
			children = (
				528B80F72AB0AC9500BB34FC /* DDGLocation.swift */,
				528B80F92AB0B9CB00BB34FC /* DDGProfile.swift */,
				528B80FB2AB0BF2600BB34FC /* MockData.swift */,
			);
			path = Model;
			sourceTree = "<group>";
		};
		528B80FD2AB1521000BB34FC /* Utilities */ = {
			isa = PBXGroup;
			children = (
				52BB30D52AADF43500F6D7C7 /* Extensions */,
				528B80FE2AB1524F00BB34FC /* CloudKitManager.swift */,
				528B81002AB157CE00BB34FC /* Constants.swift */,
				52DF54752AB295BE00F15119 /* AlertItem.swift */,
			);
			path = Utilities;
			sourceTree = "<group>";
		};
		52BB30D52AADF43500F6D7C7 /* Extensions */ = {
			isa = PBXGroup;
			children = (
				521097BD2AACA9B5002E2C74 /* Color+Ext.swift */,
				52BB30D12AADEA9E00F6D7C7 /* View+Ext.swift */,
				52DF54732AB2245200F15119 /* CKRecord+Ext.swift */,
			);
			path = Extensions;
			sourceTree = "<group>";
		};
		52BB30D62AADF43D00F6D7C7 /* Views */ = {
			isa = PBXGroup;
			children = (
				52BB30D92AADF4A900F6D7C7 /* Cells */,
				52BB30D82AADF4A100F6D7C7 /* CustomViews */,
				52BB30D72AADF45600F6D7C7 /* Screens */,
			);
			path = Views;
			sourceTree = "<group>";
		};
		52BB30D72AADF45600F6D7C7 /* Screens */ = {
			isa = PBXGroup;
			children = (
				52DF54772AB29D9400F15119 /* LocationMapView */,
				521097BF2AACAB76002E2C74 /* AppTabView.swift */,
				521097C32AACAD2D002E2C74 /* LocationListView.swift */,
				52BB30C92AAD882A00F6D7C7 /* LocationDetailView.swift */,
				521097C52AACAD43002E2C74 /* ProfileView.swift */,
			);
			path = Screens;
			sourceTree = "<group>";
		};
		52BB30D82AADF4A100F6D7C7 /* CustomViews */ = {
			isa = PBXGroup;
			children = (
				52BB30CD2AADE73200F6D7C7 /* AvatarView.swift */,
				52BB30D32AADED6C00F6D7C7 /* DDGButton.swift */,
			);
			path = CustomViews;
			sourceTree = "<group>";
		};
		52BB30D92AADF4A900F6D7C7 /* Cells */ = {
			isa = PBXGroup;
			children = (
				52BB30CB2AADE71300F6D7C7 /* LocationCell.swift */,
			);
			path = Cells;
			sourceTree = "<group>";
		};
		52DF54772AB29D9400F15119 /* LocationMapView */ = {
			isa = PBXGroup;
			children = (
				521097C12AACAD15002E2C74 /* LocationMapView.swift */,
				52DF54782AB29DB300F15119 /* LocationMapViewModel.swift */,
			);
			path = LocationMapView;
			sourceTree = "<group>";
		};
/* End PBXGroup section */

/* Begin PBXNativeTarget section */
		521097AA2AACA42C002E2C74 /* DubDubGrub */ = {
			isa = PBXNativeTarget;
			buildConfigurationList = 521097B92AACA42E002E2C74 /* Build configuration list for PBXNativeTarget "DubDubGrub" */;
			buildPhases = (
				521097A72AACA42C002E2C74 /* Sources */,
				521097A82AACA42C002E2C74 /* Frameworks */,
				521097A92AACA42C002E2C74 /* Resources */,
			);
			buildRules = (
			);
			dependencies = (
			);
			name = DubDubGrub;
			productName = DubDubGrub;
			productReference = 521097AB2AACA42C002E2C74 /* DubDubGrub.app */;
			productType = "com.apple.product-type.application";
		};
/* End PBXNativeTarget section */

/* Begin PBXProject section */
		521097A32AACA42C002E2C74 /* Project object */ = {
			isa = PBXProject;
			attributes = {
				BuildIndependentTargetsInParallel = 1;
				LastSwiftUpdateCheck = 1430;
				LastUpgradeCheck = 1430;
				TargetAttributes = {
					521097AA2AACA42C002E2C74 = {
						CreatedOnToolsVersion = 14.3.1;
					};
				};
			};
			buildConfigurationList = 521097A62AACA42C002E2C74 /* Build configuration list for PBXProject "DubDubGrub" */;
			compatibilityVersion = "Xcode 14.0";
			developmentRegion = en;
			hasScannedForEncodings = 0;
			knownRegions = (
				en,
				Base,
			);
			mainGroup = 521097A22AACA42C002E2C74;
			productRefGroup = 521097AC2AACA42C002E2C74 /* Products */;
			projectDirPath = "";
			projectRoot = "";
			targets = (
				521097AA2AACA42C002E2C74 /* DubDubGrub */,
			);
		};
/* End PBXProject section */

/* Begin PBXResourcesBuildPhase section */
		521097A92AACA42C002E2C74 /* Resources */ = {
			isa = PBXResourcesBuildPhase;
			buildActionMask = 2147483647;
			files = (
				521097B62AACA42E002E2C74 /* Preview Assets.xcassets in Resources */,
				521097B32AACA42E002E2C74 /* Assets.xcassets in Resources */,
			);
			runOnlyForDeploymentPostprocessing = 0;
		};
/* End PBXResourcesBuildPhase section */

/* Begin PBXSourcesBuildPhase section */
		521097A72AACA42C002E2C74 /* Sources */ = {
			isa = PBXSourcesBuildPhase;
			buildActionMask = 2147483647;
			files = (
				521097AF2AACA42C002E2C74 /* DubDubGrubApp.swift in Sources */,
				528B81012AB157CE00BB34FC /* Constants.swift in Sources */,
				52BB30D02AADEA7200F6D7C7 /* CustomModifiers.swift in Sources */,
				521097C22AACAD15002E2C74 /* LocationMapView.swift in Sources */,
				52DF54792AB29DB300F15119 /* LocationMapViewModel.swift in Sources */,
				521097C42AACAD2D002E2C74 /* LocationListView.swift in Sources */,
				528B80FC2AB0BF2600BB34FC /* MockData.swift in Sources */,
				52BB30CA2AAD882A00F6D7C7 /* LocationDetailView.swift in Sources */,
				528B80FA2AB0B9CB00BB34FC /* DDGProfile.swift in Sources */,
				528B80F82AB0AC9500BB34FC /* DDGLocation.swift in Sources */,
				521097C02AACAB76002E2C74 /* AppTabView.swift in Sources */,
				521097C62AACAD43002E2C74 /* ProfileView.swift in Sources */,
				528B80FF2AB1524F00BB34FC /* CloudKitManager.swift in Sources */,
				52DF54762AB295BE00F15119 /* AlertItem.swift in Sources */,
				52BB30D22AADEA9E00F6D7C7 /* View+Ext.swift in Sources */,
				52BB30CC2AADE71400F6D7C7 /* LocationCell.swift in Sources */,
				52DF54742AB2245200F15119 /* CKRecord+Ext.swift in Sources */,
				52BB30D42AADED6C00F6D7C7 /* DDGButton.swift in Sources */,
				52BB30CE2AADE73200F6D7C7 /* AvatarView.swift in Sources */,
				521097BE2AACA9B5002E2C74 /* Color+Ext.swift in Sources */,
			);
			runOnlyForDeploymentPostprocessing = 0;
		};
/* End PBXSourcesBuildPhase section */

/* Begin XCBuildConfiguration section */
		521097B72AACA42E002E2C74 /* Debug */ = {
			isa = XCBuildConfiguration;
			buildSettings = {
				ALWAYS_SEARCH_USER_PATHS = NO;
				CLANG_ANALYZER_NONNULL = YES;
				CLANG_ANALYZER_NUMBER_OBJECT_CONVERSION = YES_AGGRESSIVE;
				CLANG_CXX_LANGUAGE_STANDARD = "gnu++20";
				CLANG_ENABLE_MODULES = YES;
				CLANG_ENABLE_OBJC_ARC = YES;
				CLANG_ENABLE_OBJC_WEAK = YES;
				CLANG_WARN_BLOCK_CAPTURE_AUTORELEASING = YES;
				CLANG_WARN_BOOL_CONVERSION = YES;
				CLANG_WARN_COMMA = YES;
				CLANG_WARN_CONSTANT_CONVERSION = YES;
				CLANG_WARN_DEPRECATED_OBJC_IMPLEMENTATIONS = YES;
				CLANG_WARN_DIRECT_OBJC_ISA_USAGE = YES_ERROR;
				CLANG_WARN_DOCUMENTATION_COMMENTS = YES;
				CLANG_WARN_EMPTY_BODY = YES;
				CLANG_WARN_ENUM_CONVERSION = YES;
				CLANG_WARN_INFINITE_RECURSION = YES;
				CLANG_WARN_INT_CONVERSION = YES;
				CLANG_WARN_NON_LITERAL_NULL_CONVERSION = YES;
				CLANG_WARN_OBJC_IMPLICIT_RETAIN_SELF = YES;
				CLANG_WARN_OBJC_LITERAL_CONVERSION = YES;
				CLANG_WARN_OBJC_ROOT_CLASS = YES_ERROR;
				CLANG_WARN_QUOTED_INCLUDE_IN_FRAMEWORK_HEADER = YES;
				CLANG_WARN_RANGE_LOOP_ANALYSIS = YES;
				CLANG_WARN_STRICT_PROTOTYPES = YES;
				CLANG_WARN_SUSPICIOUS_MOVE = YES;
				CLANG_WARN_UNGUARDED_AVAILABILITY = YES_AGGRESSIVE;
				CLANG_WARN_UNREACHABLE_CODE = YES;
				CLANG_WARN__DUPLICATE_METHOD_MATCH = YES;
				COPY_PHASE_STRIP = NO;
				DEBUG_INFORMATION_FORMAT = dwarf;
				ENABLE_STRICT_OBJC_MSGSEND = YES;
				ENABLE_TESTABILITY = YES;
				GCC_C_LANGUAGE_STANDARD = gnu11;
				GCC_DYNAMIC_NO_PIC = NO;
				GCC_NO_COMMON_BLOCKS = YES;
				GCC_OPTIMIZATION_LEVEL = 0;
				GCC_PREPROCESSOR_DEFINITIONS = (
					"DEBUG=1",
					"$(inherited)",
				);
				GCC_WARN_64_TO_32_BIT_CONVERSION = YES;
				GCC_WARN_ABOUT_RETURN_TYPE = YES_ERROR;
				GCC_WARN_UNDECLARED_SELECTOR = YES;
				GCC_WARN_UNINITIALIZED_AUTOS = YES_AGGRESSIVE;
				GCC_WARN_UNUSED_FUNCTION = YES;
				GCC_WARN_UNUSED_VARIABLE = YES;
				IPHONEOS_DEPLOYMENT_TARGET = 16.4;
				MTL_ENABLE_DEBUG_INFO = INCLUDE_SOURCE;
				MTL_FAST_MATH = YES;
				ONLY_ACTIVE_ARCH = YES;
				SDKROOT = iphoneos;
				SWIFT_ACTIVE_COMPILATION_CONDITIONS = DEBUG;
				SWIFT_OPTIMIZATION_LEVEL = "-Onone";
			};
			name = Debug;
		};
		521097B82AACA42E002E2C74 /* Release */ = {
			isa = XCBuildConfiguration;
			buildSettings = {
				ALWAYS_SEARCH_USER_PATHS = NO;
				CLANG_ANALYZER_NONNULL = YES;
				CLANG_ANALYZER_NUMBER_OBJECT_CONVERSION = YES_AGGRESSIVE;
				CLANG_CXX_LANGUAGE_STANDARD = "gnu++20";
				CLANG_ENABLE_MODULES = YES;
				CLANG_ENABLE_OBJC_ARC = YES;
				CLANG_ENABLE_OBJC_WEAK = YES;
				CLANG_WARN_BLOCK_CAPTURE_AUTORELEASING = YES;
				CLANG_WARN_BOOL_CONVERSION = YES;
				CLANG_WARN_COMMA = YES;
				CLANG_WARN_CONSTANT_CONVERSION = YES;
				CLANG_WARN_DEPRECATED_OBJC_IMPLEMENTATIONS = YES;
				CLANG_WARN_DIRECT_OBJC_ISA_USAGE = YES_ERROR;
				CLANG_WARN_DOCUMENTATION_COMMENTS = YES;
				CLANG_WARN_EMPTY_BODY = YES;
				CLANG_WARN_ENUM_CONVERSION = YES;
				CLANG_WARN_INFINITE_RECURSION = YES;
				CLANG_WARN_INT_CONVERSION = YES;
				CLANG_WARN_NON_LITERAL_NULL_CONVERSION = YES;
				CLANG_WARN_OBJC_IMPLICIT_RETAIN_SELF = YES;
				CLANG_WARN_OBJC_LITERAL_CONVERSION = YES;
				CLANG_WARN_OBJC_ROOT_CLASS = YES_ERROR;
				CLANG_WARN_QUOTED_INCLUDE_IN_FRAMEWORK_HEADER = YES;
				CLANG_WARN_RANGE_LOOP_ANALYSIS = YES;
				CLANG_WARN_STRICT_PROTOTYPES = YES;
				CLANG_WARN_SUSPICIOUS_MOVE = YES;
				CLANG_WARN_UNGUARDED_AVAILABILITY = YES_AGGRESSIVE;
				CLANG_WARN_UNREACHABLE_CODE = YES;
				CLANG_WARN__DUPLICATE_METHOD_MATCH = YES;
				COPY_PHASE_STRIP = NO;
				DEBUG_INFORMATION_FORMAT = "dwarf-with-dsym";
				ENABLE_NS_ASSERTIONS = NO;
				ENABLE_STRICT_OBJC_MSGSEND = YES;
				GCC_C_LANGUAGE_STANDARD = gnu11;
				GCC_NO_COMMON_BLOCKS = YES;
				GCC_WARN_64_TO_32_BIT_CONVERSION = YES;
				GCC_WARN_ABOUT_RETURN_TYPE = YES_ERROR;
				GCC_WARN_UNDECLARED_SELECTOR = YES;
				GCC_WARN_UNINITIALIZED_AUTOS = YES_AGGRESSIVE;
				GCC_WARN_UNUSED_FUNCTION = YES;
				GCC_WARN_UNUSED_VARIABLE = YES;
				IPHONEOS_DEPLOYMENT_TARGET = 16.4;
				MTL_ENABLE_DEBUG_INFO = NO;
				MTL_FAST_MATH = YES;
				SDKROOT = iphoneos;
				SWIFT_COMPILATION_MODE = wholemodule;
				SWIFT_OPTIMIZATION_LEVEL = "-O";
				VALIDATE_PRODUCT = YES;
			};
			name = Release;
		};
		521097BA2AACA42E002E2C74 /* Debug */ = {
			isa = XCBuildConfiguration;
			buildSettings = {
				ASSETCATALOG_COMPILER_APPICON_NAME = AppIcon;
				ASSETCATALOG_COMPILER_GLOBAL_ACCENT_COLOR_NAME = AccentColor;
				CODE_SIGN_ENTITLEMENTS = DubDubGrub/DubDubGrub.entitlements;
				CODE_SIGN_IDENTITY = "Apple Development";
				CODE_SIGN_STYLE = Automatic;
				CURRENT_PROJECT_VERSION = 1;
				DEVELOPMENT_ASSET_PATHS = "\"DubDubGrub/Preview Content\"";
				DEVELOPMENT_TEAM = L2MMJ8N33L;
				ENABLE_PREVIEWS = YES;
				GENERATE_INFOPLIST_FILE = YES;
				INFOPLIST_KEY_UIApplicationSceneManifest_Generation = YES;
				INFOPLIST_KEY_UIApplicationSupportsIndirectInputEvents = YES;
				INFOPLIST_KEY_UILaunchScreen_Generation = YES;
				INFOPLIST_KEY_UISupportedInterfaceOrientations_iPad = "UIInterfaceOrientationPortrait UIInterfaceOrientationPortraitUpsideDown UIInterfaceOrientationLandscapeLeft UIInterfaceOrientationLandscapeRight";
				INFOPLIST_KEY_UISupportedInterfaceOrientations_iPhone = "UIInterfaceOrientationPortrait UIInterfaceOrientationLandscapeLeft UIInterfaceOrientationLandscapeRight";
				LD_RUNPATH_SEARCH_PATHS = (
					"$(inherited)",
					"@executable_path/Frameworks",
				);
				MARKETING_VERSION = 1.0;
				PRODUCT_BUNDLE_IDENTIFIER = com.lahirudx.DubDubGrub;
				PRODUCT_NAME = "$(TARGET_NAME)";
				PROVISIONING_PROFILE_SPECIFIER = "";
				SWIFT_EMIT_LOC_STRINGS = YES;
				SWIFT_VERSION = 5.0;
				TARGETED_DEVICE_FAMILY = "1,2";
			};
			name = Debug;
		};
		521097BB2AACA42E002E2C74 /* Release */ = {
			isa = XCBuildConfiguration;
			buildSettings = {
				ASSETCATALOG_COMPILER_APPICON_NAME = AppIcon;
				ASSETCATALOG_COMPILER_GLOBAL_ACCENT_COLOR_NAME = AccentColor;
				CODE_SIGN_ENTITLEMENTS = DubDubGrub/DubDubGrub.entitlements;
				CODE_SIGN_IDENTITY = "Apple Development";
				CODE_SIGN_STYLE = Automatic;
				CURRENT_PROJECT_VERSION = 1;
				DEVELOPMENT_ASSET_PATHS = "\"DubDubGrub/Preview Content\"";
				DEVELOPMENT_TEAM = L2MMJ8N33L;
				ENABLE_PREVIEWS = YES;
				GENERATE_INFOPLIST_FILE = YES;
				INFOPLIST_KEY_UIApplicationSceneManifest_Generation = YES;
				INFOPLIST_KEY_UIApplicationSupportsIndirectInputEvents = YES;
				INFOPLIST_KEY_UILaunchScreen_Generation = YES;
				INFOPLIST_KEY_UISupportedInterfaceOrientations_iPad = "UIInterfaceOrientationPortrait UIInterfaceOrientationPortraitUpsideDown UIInterfaceOrientationLandscapeLeft UIInterfaceOrientationLandscapeRight";
				INFOPLIST_KEY_UISupportedInterfaceOrientations_iPhone = "UIInterfaceOrientationPortrait UIInterfaceOrientationLandscapeLeft UIInterfaceOrientationLandscapeRight";
				LD_RUNPATH_SEARCH_PATHS = (
					"$(inherited)",
					"@executable_path/Frameworks",
				);
				MARKETING_VERSION = 1.0;
				PRODUCT_BUNDLE_IDENTIFIER = com.lahirudx.DubDubGrub;
				PRODUCT_NAME = "$(TARGET_NAME)";
				PROVISIONING_PROFILE_SPECIFIER = "";
				SWIFT_EMIT_LOC_STRINGS = YES;
				SWIFT_VERSION = 5.0;
				TARGETED_DEVICE_FAMILY = "1,2";
			};
			name = Release;
		};
/* End XCBuildConfiguration section */

/* Begin XCConfigurationList section */
		521097A62AACA42C002E2C74 /* Build configuration list for PBXProject "DubDubGrub" */ = {
			isa = XCConfigurationList;
			buildConfigurations = (
				521097B72AACA42E002E2C74 /* Debug */,
				521097B82AACA42E002E2C74 /* Release */,
			);
			defaultConfigurationIsVisible = 0;
			defaultConfigurationName = Release;
		};
		521097B92AACA42E002E2C74 /* Build configuration list for PBXNativeTarget "DubDubGrub" */ = {
			isa = XCConfigurationList;
			buildConfigurations = (
				521097BA2AACA42E002E2C74 /* Debug */,
				521097BB2AACA42E002E2C74 /* Release */,
			);
			defaultConfigurationIsVisible = 0;
			defaultConfigurationName = Release;
		};
/* End XCConfigurationList section */
	};
	rootObject = 521097A32AACA42C002E2C74 /* Project object */;
}
